
Microsoft Visual Studio Solution File, Format Version 12.00
# Visual Studio Version 17
VisualStudioVersion = 17.8.34511.84
MinimumVisualStudioVersion = 10.0.40219.1
Project("{FAE04EC0-301F-11D3-BF4B-00C04F79EFBC}") = "AspWebAppPratice2", "AspWebAppPratice2.csproj", "{9E3D2692-062E-4884-8622-AF0F5843D02E}"
EndProject
Project("{FAE04EC0-301F-11D3-BF4B-00C04F79EFBC}") = "WebForm", "..\WebForm\WebForm.csproj", "{BD433315-6777-44F0-8271-F4440BA3F50B}"
EndProject
Global
	GlobalSection(SolutionConfigurationPlatforms) = preSolution
		Debug|Any CPU = Debug|Any CPU
		Release|Any CPU = Release|Any CPU
	EndGlobalSection
	GlobalSection(ProjectConfigurationPlatforms) = postSolution
		{9E3D2692-062E-4884-8622-AF0F5843D02E}.Debug|Any CPU.ActiveCfg = Debug|Any CPU
		{9E3D2692-062E-4884-8622-AF0F5843D02E}.Debug|Any CPU.Build.0 = Debug|Any CPU
		{9E3D2692-062E-4884-8622-AF0F5843D02E}.Release|Any CPU.ActiveCfg = Release|Any CPU
		{9E3D2692-062E-4884-8622-AF0F5843D02E}.Release|Any CPU.Build.0 = Release|Any CPU
		{BD433315-6777-44F0-8271-F4440BA3F50B}.Debug|Any CPU.ActiveCfg = Debug|Any CPU
		{BD433315-6777-44F0-8271-F4440BA3F50B}.Debug|Any CPU.Build.0 = Debug|Any CPU
		{BD433315-6777-44F0-8271-F4440BA3F50B}.Release|Any CPU.ActiveCfg = Release|Any CPU
		{BD433315-6777-44F0-8271-F4440BA3F50B}.Release|Any CPU.Build.0 = Release|Any CPU
	EndGlobalSection
	GlobalSection(SolutionProperties) = preSolution
		HideSolutionNode = FALSE
	EndGlobalSection
	GlobalSection(ExtensibilityGlobals) = postSolution
		SolutionGuid = {4904B8A8-33C3-4B6D-8200-DFE98750D806}
	EndGlobalSection
EndGlobal
