
Microsoft Visual Studio Solution File, Format Version 12.00
# Visual Studio Version 17
VisualStudioVersion = 17.8.34511.84
MinimumVisualStudioVersion = 10.0.40219.1
Project("{FAE04EC0-301F-11D3-BF4B-00C04F79EFBC}") = "CRUDEntity", "CRUDEntity\CRUDEntity.csproj", "{60A8B4A9-DB23-4FD8-9232-7C1ECBB3A1E4}"
EndProject
Project("{FAE04EC0-301F-11D3-BF4B-00C04F79EFBC}") = "Entity", "Entity\Entity.csproj", "{AAFF45D4-2430-4F24-96DD-27D491154B82}"
EndProject
Global
	GlobalSection(SolutionConfigurationPlatforms) = preSolution
		Debug|Any CPU = Debug|Any CPU
		Release|Any CPU = Release|Any CPU
	EndGlobalSection
	GlobalSection(ProjectConfigurationPlatforms) = postSolution
		{60A8B4A9-DB23-4FD8-9232-7C1ECBB3A1E4}.Debug|Any CPU.ActiveCfg = Debug|Any CPU
		{60A8B4A9-DB23-4FD8-9232-7C1ECBB3A1E4}.Debug|Any CPU.Build.0 = Debug|Any CPU
		{60A8B4A9-DB23-4FD8-9232-7C1ECBB3A1E4}.Release|Any CPU.ActiveCfg = Release|Any CPU
		{60A8B4A9-DB23-4FD8-9232-7C1ECBB3A1E4}.Release|Any CPU.Build.0 = Release|Any CPU
		{AAFF45D4-2430-4F24-96DD-27D491154B82}.Debug|Any CPU.ActiveCfg = Debug|Any CPU
		{AAFF45D4-2430-4F24-96DD-27D491154B82}.Debug|Any CPU.Build.0 = Debug|Any CPU
		{AAFF45D4-2430-4F24-96DD-27D491154B82}.Release|Any CPU.ActiveCfg = Release|Any CPU
		{AAFF45D4-2430-4F24-96DD-27D491154B82}.Release|Any CPU.Build.0 = Release|Any CPU
	EndGlobalSection
	GlobalSection(SolutionProperties) = preSolution
		HideSolutionNode = FALSE
	EndGlobalSection
	GlobalSection(ExtensibilityGlobals) = postSolution
		SolutionGuid = {7A925628-F4AC-491A-B53A-668A2187390B}
	EndGlobalSection
EndGlobal
