
Microsoft Visual Studio Solution File, Format Version 12.00
# Visual Studio Version 17
VisualStudioVersion = 17.8.34511.84
MinimumVisualStudioVersion = 10.0.40219.1
Project("{FAE04EC0-301F-11D3-BF4B-00C04F79EFBC}") = "DemoUserManagement.BusinessLayer", "..\DemoUserManagement.BusinessLayer\DemoUserManagement.BusinessLayer.csproj", "{43F5D875-0938-4EA3-A0CB-D9E864A51DA4}"
EndProject
Project("{FAE04EC0-301F-11D3-BF4B-00C04F79EFBC}") = "DemoUserManagement.DataAccessLayer", "..\DemoUserManagement.DataAccessLayer\DemoUserManagement.DataAccessLayer.csproj", "{56261F6F-F439-41EC-BD4C-D82224076D74}"
EndProject
Project("{FAE04EC0-301F-11D3-BF4B-00C04F79EFBC}") = "DemoUserManagement.ViewModel", "..\DemoUserManagement.ViewModel\DemoUserManagement.ViewModel.csproj", "{42898012-4FE6-4E15-8FF1-F8BC80BFF2EB}"
EndProject
Project("{FAE04EC0-301F-11D3-BF4B-00C04F79EFBC}") = "DemoUserManagement.UtilityLayer", "..\DemoUserManagement.UtilityLayer\DemoUserManagement.UtilityLayer.csproj", "{3C3855E0-0D3E-4F4D-B10B-9B9113887934}"
EndProject
Project("{FAE04EC0-301F-11D3-BF4B-00C04F79EFBC}") = "MVCDemoUserManagement", "..\MVCDemoUserManagement\MVCDemoUserManagement.csproj", "{A8883BF3-CEF5-47E3-9261-3F0CE955B37A}"
EndProject
Global
	GlobalSection(SolutionConfigurationPlatforms) = preSolution
		Debug|Any CPU = Debug|Any CPU
		Release|Any CPU = Release|Any CPU
	EndGlobalSection
	GlobalSection(ProjectConfigurationPlatforms) = postSolution
		{43F5D875-0938-4EA3-A0CB-D9E864A51DA4}.Debug|Any CPU.ActiveCfg = Debug|Any CPU
		{43F5D875-0938-4EA3-A0CB-D9E864A51DA4}.Debug|Any CPU.Build.0 = Debug|Any CPU
		{43F5D875-0938-4EA3-A0CB-D9E864A51DA4}.Release|Any CPU.ActiveCfg = Release|Any CPU
		{43F5D875-0938-4EA3-A0CB-D9E864A51DA4}.Release|Any CPU.Build.0 = Release|Any CPU
		{56261F6F-F439-41EC-BD4C-D82224076D74}.Debug|Any CPU.ActiveCfg = Debug|Any CPU
		{56261F6F-F439-41EC-BD4C-D82224076D74}.Debug|Any CPU.Build.0 = Debug|Any CPU
		{56261F6F-F439-41EC-BD4C-D82224076D74}.Release|Any CPU.ActiveCfg = Release|Any CPU
		{56261F6F-F439-41EC-BD4C-D82224076D74}.Release|Any CPU.Build.0 = Release|Any CPU
		{42898012-4FE6-4E15-8FF1-F8BC80BFF2EB}.Debug|Any CPU.ActiveCfg = Debug|Any CPU
		{42898012-4FE6-4E15-8FF1-F8BC80BFF2EB}.Debug|Any CPU.Build.0 = Debug|Any CPU
		{42898012-4FE6-4E15-8FF1-F8BC80BFF2EB}.Release|Any CPU.ActiveCfg = Release|Any CPU
		{42898012-4FE6-4E15-8FF1-F8BC80BFF2EB}.Release|Any CPU.Build.0 = Release|Any CPU
		{3C3855E0-0D3E-4F4D-B10B-9B9113887934}.Debug|Any CPU.ActiveCfg = Debug|Any CPU
		{3C3855E0-0D3E-4F4D-B10B-9B9113887934}.Debug|Any CPU.Build.0 = Debug|Any CPU
		{3C3855E0-0D3E-4F4D-B10B-9B9113887934}.Release|Any CPU.ActiveCfg = Release|Any CPU
		{3C3855E0-0D3E-4F4D-B10B-9B9113887934}.Release|Any CPU.Build.0 = Release|Any CPU
		{A8883BF3-CEF5-47E3-9261-3F0CE955B37A}.Debug|Any CPU.ActiveCfg = Debug|Any CPU
		{A8883BF3-CEF5-47E3-9261-3F0CE955B37A}.Debug|Any CPU.Build.0 = Debug|Any CPU
		{A8883BF3-CEF5-47E3-9261-3F0CE955B37A}.Release|Any CPU.ActiveCfg = Release|Any CPU
		{A8883BF3-CEF5-47E3-9261-3F0CE955B37A}.Release|Any CPU.Build.0 = Release|Any CPU
	EndGlobalSection
	GlobalSection(SolutionProperties) = preSolution
		HideSolutionNode = FALSE
	EndGlobalSection
	GlobalSection(ExtensibilityGlobals) = postSolution
		SolutionGuid = {5451291D-D2C7-4E63-9858-B04BD7B39A65}
	EndGlobalSection
EndGlobal
